
Microsoft Visual Studio Solution File, Format Version 12.00
# Visual Studio Version 17
VisualStudioVersion = 17.13.35919.96
MinimumVisualStudioVersion = 10.0.40219.1
Project("{2150E333-8FDC-42A3-9474-1A3956D46DE8}") = "Services", "Services", "{02EA681E-C7D8-13C7-8484-4AC65E1B71E8}"
EndProject
Project("{2150E333-8FDC-42A3-9474-1A3956D46DE8}") = "Catalog", "Catalog", "{C3804489-A349-49B2-8EE1-7A518BDDB297}"
EndProject
Project("{FAE04EC0-301F-11D3-BF4B-00C04F79EFBC}") = "Catalog.API", "Services\Catalog\Catalog.API\Catalog.API.csproj", "{4F720841-703C-4B1A-B182-921088EF0E0A}"
EndProject
Project("{2150E333-8FDC-42A3-9474-1A3956D46DE8}") = "BuildingBlocks", "BuildingBlocks", "{099FD3CE-117E-4825-A85C-74BFC47DA705}"
EndProject
Project("{FAE04EC0-301F-11D3-BF4B-00C04F79EFBC}") = "BuildingBlocks", "BuildingBlocks\BuildingBlocks\BuildingBlocks.csproj", "{4214FD9F-5CFC-4A0F-AA66-77D734A3BF76}"
EndProject
Project("{E53339B2-1760-4266-BCC7-CA923CBCF16C}") = "docker-compose", "docker-compose.dcproj", "{81DDED9D-158B-E303-5F62-77A2896D2A5A}"
EndProject
Project("{2150E333-8FDC-42A3-9474-1A3956D46DE8}") = "Basket", "Basket", "{6711F178-6A8B-4DAD-8D5D-5520C1B45613}"
EndProject
Project("{FAE04EC0-301F-11D3-BF4B-00C04F79EFBC}") = "Basket.API", "Services\Basket\Basket.API\Basket.API.csproj", "{86AB22B4-252C-48D5-9EEA-C38827EA3727}"
EndProject
Project("{2150E333-8FDC-42A3-9474-1A3956D46DE8}") = "Discount", "Discount", "{3826CF47-4356-462A-8E30-A2E732E5ADD7}"
EndProject
Project("{FAE04EC0-301F-11D3-BF4B-00C04F79EFBC}") = "Discount.GRPC", "Services\Discount\Discount.GRPC\Discount.GRPC.csproj", "{4AADBD75-532C-4878-A7D4-9C6E6DF63237}"
EndProject
Project("{2150E333-8FDC-42A3-9474-1A3956D46DE8}") = "Ordering", "Ordering", "{530D2E67-AA37-4F83-A7C4-D561349C377F}"
EndProject
Project("{FAE04EC0-301F-11D3-BF4B-00C04F79EFBC}") = "Ordering.API", "Services\Ordering\Ordering.API\Ordering.API.csproj", "{0396AA87-8734-4122-B193-DF83EA57657B}"
EndProject
Project("{FAE04EC0-301F-11D3-BF4B-00C04F79EFBC}") = "Ordering.Domain", "Services\Ordering\Ordering.Domain\Ordering.Domain.csproj", "{E886D1CF-B106-4F77-AF88-175E51BF041B}"
EndProject
Project("{FAE04EC0-301F-11D3-BF4B-00C04F79EFBC}") = "Ordering.Application", "Services\Ordering\Ordering.Application\Ordering.Application.csproj", "{AC705644-3CFF-466F-96E9-0454DA7588AF}"
EndProject
Project("{FAE04EC0-301F-11D3-BF4B-00C04F79EFBC}") = "Ordering.Infrastructure", "Services\Ordering\Ordering.Infrastructure\Ordering.Infrastructure.csproj", "{FCE05DEB-421C-4B54-819E-9B6DE73C9EDD}"
EndProject
Global
	GlobalSection(SolutionConfigurationPlatforms) = preSolution
		Debug|Any CPU = Debug|Any CPU
		Release|Any CPU = Release|Any CPU
	EndGlobalSection
	GlobalSection(ProjectConfigurationPlatforms) = postSolution
		{4F720841-703C-4B1A-B182-921088EF0E0A}.Debug|Any CPU.ActiveCfg = Debug|Any CPU
		{4F720841-703C-4B1A-B182-921088EF0E0A}.Debug|Any CPU.Build.0 = Debug|Any CPU
		{4F720841-703C-4B1A-B182-921088EF0E0A}.Release|Any CPU.ActiveCfg = Release|Any CPU
		{4F720841-703C-4B1A-B182-921088EF0E0A}.Release|Any CPU.Build.0 = Release|Any CPU
		{4214FD9F-5CFC-4A0F-AA66-77D734A3BF76}.Debug|Any CPU.ActiveCfg = Debug|Any CPU
		{4214FD9F-5CFC-4A0F-AA66-77D734A3BF76}.Debug|Any CPU.Build.0 = Debug|Any CPU
		{4214FD9F-5CFC-4A0F-AA66-77D734A3BF76}.Release|Any CPU.ActiveCfg = Release|Any CPU
		{4214FD9F-5CFC-4A0F-AA66-77D734A3BF76}.Release|Any CPU.Build.0 = Release|Any CPU
		{81DDED9D-158B-E303-5F62-77A2896D2A5A}.Debug|Any CPU.ActiveCfg = Debug|Any CPU
		{81DDED9D-158B-E303-5F62-77A2896D2A5A}.Debug|Any CPU.Build.0 = Debug|Any CPU
		{81DDED9D-158B-E303-5F62-77A2896D2A5A}.Release|Any CPU.ActiveCfg = Release|Any CPU
		{81DDED9D-158B-E303-5F62-77A2896D2A5A}.Release|Any CPU.Build.0 = Release|Any CPU
		{86AB22B4-252C-48D5-9EEA-C38827EA3727}.Debug|Any CPU.ActiveCfg = Debug|Any CPU
		{86AB22B4-252C-48D5-9EEA-C38827EA3727}.Debug|Any CPU.Build.0 = Debug|Any CPU
		{86AB22B4-252C-48D5-9EEA-C38827EA3727}.Release|Any CPU.ActiveCfg = Release|Any CPU
		{86AB22B4-252C-48D5-9EEA-C38827EA3727}.Release|Any CPU.Build.0 = Release|Any CPU
		{4AADBD75-532C-4878-A7D4-9C6E6DF63237}.Debug|Any CPU.ActiveCfg = Debug|Any CPU
		{4AADBD75-532C-4878-A7D4-9C6E6DF63237}.Debug|Any CPU.Build.0 = Debug|Any CPU
		{4AADBD75-532C-4878-A7D4-9C6E6DF63237}.Release|Any CPU.ActiveCfg = Release|Any CPU
		{4AADBD75-532C-4878-A7D4-9C6E6DF63237}.Release|Any CPU.Build.0 = Release|Any CPU
		{0396AA87-8734-4122-B193-DF83EA57657B}.Debug|Any CPU.ActiveCfg = Debug|Any CPU
		{0396AA87-8734-4122-B193-DF83EA57657B}.Debug|Any CPU.Build.0 = Debug|Any CPU
		{0396AA87-8734-4122-B193-DF83EA57657B}.Release|Any CPU.ActiveCfg = Release|Any CPU
		{0396AA87-8734-4122-B193-DF83EA57657B}.Release|Any CPU.Build.0 = Release|Any CPU
		{E886D1CF-B106-4F77-AF88-175E51BF041B}.Debug|Any CPU.ActiveCfg = Debug|Any CPU
		{E886D1CF-B106-4F77-AF88-175E51BF041B}.Debug|Any CPU.Build.0 = Debug|Any CPU
		{E886D1CF-B106-4F77-AF88-175E51BF041B}.Release|Any CPU.ActiveCfg = Release|Any CPU
		{E886D1CF-B106-4F77-AF88-175E51BF041B}.Release|Any CPU.Build.0 = Release|Any CPU
		{AC705644-3CFF-466F-96E9-0454DA7588AF}.Debug|Any CPU.ActiveCfg = Debug|Any CPU
		{AC705644-3CFF-466F-96E9-0454DA7588AF}.Debug|Any CPU.Build.0 = Debug|Any CPU
		{AC705644-3CFF-466F-96E9-0454DA7588AF}.Release|Any CPU.ActiveCfg = Release|Any CPU
		{AC705644-3CFF-466F-96E9-0454DA7588AF}.Release|Any CPU.Build.0 = Release|Any CPU
		{FCE05DEB-421C-4B54-819E-9B6DE73C9EDD}.Debug|Any CPU.ActiveCfg = Debug|Any CPU
		{FCE05DEB-421C-4B54-819E-9B6DE73C9EDD}.Debug|Any CPU.Build.0 = Debug|Any CPU
		{FCE05DEB-421C-4B54-819E-9B6DE73C9EDD}.Release|Any CPU.ActiveCfg = Release|Any CPU
		{FCE05DEB-421C-4B54-819E-9B6DE73C9EDD}.Release|Any CPU.Build.0 = Release|Any CPU
	EndGlobalSection
	GlobalSection(SolutionProperties) = preSolution
		HideSolutionNode = FALSE
	EndGlobalSection
	GlobalSection(NestedProjects) = preSolution
		{C3804489-A349-49B2-8EE1-7A518BDDB297} = {02EA681E-C7D8-13C7-8484-4AC65E1B71E8}
		{4F720841-703C-4B1A-B182-921088EF0E0A} = {C3804489-A349-49B2-8EE1-7A518BDDB297}
		{4214FD9F-5CFC-4A0F-AA66-77D734A3BF76} = {099FD3CE-117E-4825-A85C-74BFC47DA705}
		{6711F178-6A8B-4DAD-8D5D-5520C1B45613} = {02EA681E-C7D8-13C7-8484-4AC65E1B71E8}
		{86AB22B4-252C-48D5-9EEA-C38827EA3727} = {6711F178-6A8B-4DAD-8D5D-5520C1B45613}
		{3826CF47-4356-462A-8E30-A2E732E5ADD7} = {02EA681E-C7D8-13C7-8484-4AC65E1B71E8}
		{4AADBD75-532C-4878-A7D4-9C6E6DF63237} = {3826CF47-4356-462A-8E30-A2E732E5ADD7}
		{530D2E67-AA37-4F83-A7C4-D561349C377F} = {02EA681E-C7D8-13C7-8484-4AC65E1B71E8}
		{0396AA87-8734-4122-B193-DF83EA57657B} = {530D2E67-AA37-4F83-A7C4-D561349C377F}
		{E886D1CF-B106-4F77-AF88-175E51BF041B} = {530D2E67-AA37-4F83-A7C4-D561349C377F}
		{AC705644-3CFF-466F-96E9-0454DA7588AF} = {530D2E67-AA37-4F83-A7C4-D561349C377F}
		{FCE05DEB-421C-4B54-819E-9B6DE73C9EDD} = {530D2E67-AA37-4F83-A7C4-D561349C377F}
	EndGlobalSection
	GlobalSection(ExtensibilityGlobals) = postSolution
		SolutionGuid = {83546EF6-C279-422B-821B-592E2CED071B}
	EndGlobalSection
EndGlobal
